
Microsoft Visual Studio Solution File, Format Version 12.00
# Visual Studio Version 17
VisualStudioVersion = 17.0.31903.59
MinimumVisualStudioVersion = 10.0.40219.1
Project("{FAE04EC0-301F-11D3-BF4B-00C04F79EFBC}") = "apbd-tutorial9", "apbd-tutorial9.csproj", "{EA040C12-63FB-4386-AD19-0FB2D47CFA29}"
EndProject
Global
	GlobalSection(SolutionConfigurationPlatforms) = preSolution
		Debug|Any CPU = Debug|Any CPU
		Debug|x64 = Debug|x64
		Debug|x86 = Debug|x86
		Release|Any CPU = Release|Any CPU
		Release|x64 = Release|x64
		Release|x86 = Release|x86
	EndGlobalSection
	GlobalSection(ProjectConfigurationPlatforms) = postSolution
		{EA040C12-63FB-4386-AD19-0FB2D47CFA29}.Debug|Any CPU.ActiveCfg = Debug|Any CPU
		{EA040C12-63FB-4386-AD19-0FB2D47CFA29}.Debug|Any CPU.Build.0 = Debug|Any CPU
		{EA040C12-63FB-4386-AD19-0FB2D47CFA29}.Debug|x64.ActiveCfg = Debug|Any CPU
		{EA040C12-63FB-4386-AD19-0FB2D47CFA29}.Debug|x64.Build.0 = Debug|Any CPU
		{EA040C12-63FB-4386-AD19-0FB2D47CFA29}.Debug|x86.ActiveCfg = Debug|Any CPU
		{EA040C12-63FB-4386-AD19-0FB2D47CFA29}.Debug|x86.Build.0 = Debug|Any CPU
		{EA040C12-63FB-4386-AD19-0FB2D47CFA29}.Release|Any CPU.ActiveCfg = Release|Any CPU
		{EA040C12-63FB-4386-AD19-0FB2D47CFA29}.Release|Any CPU.Build.0 = Release|Any CPU
		{EA040C12-63FB-4386-AD19-0FB2D47CFA29}.Release|x64.ActiveCfg = Release|Any CPU
		{EA040C12-63FB-4386-AD19-0FB2D47CFA29}.Release|x64.Build.0 = Release|Any CPU
		{EA040C12-63FB-4386-AD19-0FB2D47CFA29}.Release|x86.ActiveCfg = Release|Any CPU
		{EA040C12-63FB-4386-AD19-0FB2D47CFA29}.Release|x86.Build.0 = Release|Any CPU
	EndGlobalSection
	GlobalSection(SolutionProperties) = preSolution
		HideSolutionNode = FALSE
	EndGlobalSection
EndGlobal
